
Microsoft Visual Studio Solution File, Format Version 12.00
# Visual Studio Version 17
VisualStudioVersion = 17.5.33516.290
MinimumVisualStudioVersion = 10.0.40219.1
Project("{FAE04EC0-301F-11D3-BF4B-00C04F79EFBC}") = "Gopas", "Gopas\Gopas.csproj", "{A5260D4F-E813-4830-A860-32C5BC553015}"
EndProject
Global
	GlobalSection(SolutionConfigurationPlatforms) = preSolution
		Debug|Any CPU = Debug|Any CPU
		Release|Any CPU = Release|Any CPU
	EndGlobalSection
	GlobalSection(ProjectConfigurationPlatforms) = postSolution
		{A5260D4F-E813-4830-A860-32C5BC553015}.Debug|Any CPU.ActiveCfg = Debug|Any CPU
		{A5260D4F-E813-4830-A860-32C5BC553015}.Debug|Any CPU.Build.0 = Debug|Any CPU
		{A5260D4F-E813-4830-A860-32C5BC553015}.Release|Any CPU.ActiveCfg = Release|Any CPU
		{A5260D4F-E813-4830-A860-32C5BC553015}.Release|Any CPU.Build.0 = Release|Any CPU
	EndGlobalSection
	GlobalSection(SolutionProperties) = preSolution
		HideSolutionNode = FALSE
	EndGlobalSection
	GlobalSection(ExtensibilityGlobals) = postSolution
		SolutionGuid = {CDBA6B50-B1E4-4816-8E39-D3AE1FFAED3D}
	EndGlobalSection
EndGlobal
